// !$*UTF8*$!
{
	archiveVersion = 1;
	classes = {
	};
	objectVersion = 51;
	objects = {

/* Begin PBXBuildFile section */
		87168631219917B60019968E /* ProgressPluginIn.swift in Sources */ = {isa = PBXBuildFile; fileRef = 87168630219917B60019968E /* ProgressPluginIn.swift */; };
		87168635219918090019968E /* HUD.swift in Sources */ = {isa = PBXBuildFile; fileRef = 87168634219918090019968E /* HUD.swift */; };
		871686372199181F0019968E /* CRHUD.swift in Sources */ = {isa = PBXBuildFile; fileRef = 871686362199181F0019968E /* CRHUD.swift */; };
		871686392199182C0019968E /* CRHUDProgressView.swift in Sources */ = {isa = PBXBuildFile; fileRef = 871686382199182C0019968E /* CRHUDProgressView.swift */; };
		8716863B219918390019968E /* CRHUDLabelView.swift in Sources */ = {isa = PBXBuildFile; fileRef = 8716863A219918390019968E /* CRHUDLabelView.swift */; };
		8716863D2199184D0019968E /* HUDHelper.swift in Sources */ = {isa = PBXBuildFile; fileRef = 8716863C2199184D0019968E /* HUDHelper.swift */; };
		8716863F219919600019968E /* UIViewExtension.swift in Sources */ = {isa = PBXBuildFile; fileRef = 8716863E219919600019968E /* UIViewExtension.swift */; };
		871686412199264E0019968E /* 加载.gif in Resources */ = {isa = PBXBuildFile; fileRef = 871686402199264D0019968E /* 加载.gif */; };
		87168643219951220019968E /* GatewayHelper.swift in Sources */ = {isa = PBXBuildFile; fileRef = 87168642219951220019968E /* GatewayHelper.swift */; };
		8716864521995D800019968E /* RandomString.swift in Sources */ = {isa = PBXBuildFile; fileRef = 8716864421995D800019968E /* RandomString.swift */; };
		87168648219961470019968E /* LLOCbridge.m in Sources */ = {isa = PBXBuildFile; fileRef = 87168647219961470019968E /* LLOCbridge.m */; };
		87193EDB27211D7E0020D002 /* FRVideoPlayerView.swift in Sources */ = {isa = PBXBuildFile; fileRef = 87193EDA27211D7E0020D002 /* FRVideoPlayerView.swift */; };
		87193EE027211F030020D002 /* LLVideoPlayViewController.swift in Sources */ = {isa = PBXBuildFile; fileRef = 87193EDF27211F030020D002 /* LLVideoPlayViewController.swift */; };
		87193EE4272121290020D002 /* 老照片.mp4 in Resources */ = {isa = PBXBuildFile; fileRef = 87193EE3272121290020D002 /* 老照片.mp4 */; };
		87193EE82721220E0020D002 /* VideoPlayViewController.swift in Sources */ = {isa = PBXBuildFile; fileRef = 87193EE72721220E0020D002 /* VideoPlayViewController.swift */; };
		8733C02127117A0500FED3E4 /* LLAlerSheetView.swift in Sources */ = {isa = PBXBuildFile; fileRef = 8733C02027117A0500FED3E4 /* LLAlerSheetView.swift */; };
		8742810A27449F5E005A458E /* LLScrollViewDemoCell.swift in Sources */ = {isa = PBXBuildFile; fileRef = 8742810827449F5E005A458E /* LLScrollViewDemoCell.swift */; };
		8742810B27449F5E005A458E /* LLScrollViewDemoCell.xib in Resources */ = {isa = PBXBuildFile; fileRef = 8742810927449F5E005A458E /* LLScrollViewDemoCell.xib */; };
		8748487D2394E11D0041F3CB /* Bundle in Resources */ = {isa = PBXBuildFile; fileRef = 8748487C2394E11D0041F3CB /* Bundle */; };
		875A6A002759F91F00BFD2C4 /* LLBookPlayPopView.swift in Sources */ = {isa = PBXBuildFile; fileRef = 875A69FF2759F91F00BFD2C4 /* LLBookPlayPopView.swift */; };
		876FB97E27587FB90037DB50 /* LLPopoVerViewController.swift in Sources */ = {isa = PBXBuildFile; fileRef = 876FB97D27587FB90037DB50 /* LLPopoVerViewController.swift */; };
		878A861926BA36EB000A3EE8 /* LLMarkView.swift in Sources */ = {isa = PBXBuildFile; fileRef = 878A861826BA36EB000A3EE8 /* LLMarkView.swift */; };
		87AB304B271FCDF60063DC9B /* LLOssHelper.swift in Sources */ = {isa = PBXBuildFile; fileRef = 87AB304A271FCDF60063DC9B /* LLOssHelper.swift */; };
		87AB30DC21940BD000B330EA /* AppDelegate.swift in Sources */ = {isa = PBXBuildFile; fileRef = 87AB30DB21940BD000B330EA /* AppDelegate.swift */; };
		87AB30E321940BD100B330EA /* Assets.xcassets in Resources */ = {isa = PBXBuildFile; fileRef = 87AB30E221940BD100B330EA /* Assets.xcassets */; };
		87AB30E621940BD100B330EA /* LaunchScreen.storyboard in Resources */ = {isa = PBXBuildFile; fileRef = 87AB30E421940BD100B330EA /* LaunchScreen.storyboard */; };
		87AB30F121940BD100B330EA /* LLmyAppUITests.swift in Sources */ = {isa = PBXBuildFile; fileRef = 87AB30F021940BD100B330EA /* LLmyAppUITests.swift */; };
		87AB30FF219418A600B330EA /* LLCustomTabBar.swift in Sources */ = {isa = PBXBuildFile; fileRef = 87AB30FE219418A600B330EA /* LLCustomTabBar.swift */; };
		87AB31022194195700B330EA /* NibLoadableProtocol.swift in Sources */ = {isa = PBXBuildFile; fileRef = 87AB31012194195700B330EA /* NibLoadableProtocol.swift */; };
		87AB3104219419BE00B330EA /* UIColor+Hex.swift in Sources */ = {isa = PBXBuildFile; fileRef = 87AB3103219419BE00B330EA /* UIColor+Hex.swift */; };
		87AB310621941A5B00B330EA /* LLCustomTabBar.xib in Resources */ = {isa = PBXBuildFile; fileRef = 87AB310521941A5B00B330EA /* LLCustomTabBar.xib */; };
		87AB310821941AB500B330EA /* LLTabBarViewController.swift in Sources */ = {isa = PBXBuildFile; fileRef = 87AB310721941AB500B330EA /* LLTabBarViewController.swift */; };
		87AB310B21941BA000B330EA /* Commons.swift in Sources */ = {isa = PBXBuildFile; fileRef = 87AB310A21941BA000B330EA /* Commons.swift */; };
		87AB310E21941CCA00B330EA /* BaseNavigationController.swift in Sources */ = {isa = PBXBuildFile; fileRef = 87AB310D21941CCA00B330EA /* BaseNavigationController.swift */; };
		87AB3112219441D000B330EA /* LLMainViewController.swift in Sources */ = {isa = PBXBuildFile; fileRef = 87AB3111219441D000B330EA /* LLMainViewController.swift */; };
		87AB3114219441DF00B330EA /* LLMainUI.storyboard in Resources */ = {isa = PBXBuildFile; fileRef = 87AB3113219441DF00B330EA /* LLMainUI.storyboard */; };
		87CB647A26B94D8F00EE9F83 /* LLChartsViewController.swift in Sources */ = {isa = PBXBuildFile; fileRef = 87CB647826B94D8F00EE9F83 /* LLChartsViewController.swift */; };
		87CB647B26B94D8F00EE9F83 /* LLChartsViewController.xib in Resources */ = {isa = PBXBuildFile; fileRef = 87CB647926B94D8F00EE9F83 /* LLChartsViewController.xib */; };
		87DF0B08219C15BD00D479B0 /* LLHealthCardViewController.swift in Sources */ = {isa = PBXBuildFile; fileRef = 87DF0B06219C15BD00D479B0 /* LLHealthCardViewController.swift */; };
		87DF0B09219C15BD00D479B0 /* LLHealthCardViewController.xib in Resources */ = {isa = PBXBuildFile; fileRef = 87DF0B07219C15BD00D479B0 /* LLHealthCardViewController.xib */; };
		87DF0B0C219C16B700D479B0 /* LLHealthCardViewModel.swift in Sources */ = {isa = PBXBuildFile; fileRef = 87DF0B0B219C16B700D479B0 /* LLHealthCardViewModel.swift */; };
		87DF0B0E219C178F00D479B0 /* RxSwift+Operator.swift in Sources */ = {isa = PBXBuildFile; fileRef = 87DF0B0D219C178F00D479B0 /* RxSwift+Operator.swift */; };
		87DF0B10219C18EF00D479B0 /* ReusableViewProtocal.swift in Sources */ = {isa = PBXBuildFile; fileRef = 87DF0B0F219C18EF00D479B0 /* ReusableViewProtocal.swift */; };
		87DF0B17219C206B00D479B0 /* LLHealthCardCell.swift in Sources */ = {isa = PBXBuildFile; fileRef = 87DF0B15219C206B00D479B0 /* LLHealthCardCell.swift */; };
		87DF0B18219C206B00D479B0 /* LLHealthCardCell.xib in Resources */ = {isa = PBXBuildFile; fileRef = 87DF0B16219C206B00D479B0 /* LLHealthCardCell.xib */; };
		87DF0B1A219C21A400D479B0 /* LLHealthCardModel.swift in Sources */ = {isa = PBXBuildFile; fileRef = 87DF0B19219C21A400D479B0 /* LLHealthCardModel.swift */; };
		87DF0B1D219C22DD00D479B0 /* LLHealthCardService.swift in Sources */ = {isa = PBXBuildFile; fileRef = 87DF0B1C219C22DD00D479B0 /* LLHealthCardService.swift */; };
		87DF0B1F219C231100D479B0 /* LLHealthCardApi.swift in Sources */ = {isa = PBXBuildFile; fileRef = 87DF0B1E219C231100D479B0 /* LLHealthCardApi.swift */; };
		87DF0B21219C2D0A00D479B0 /* Obserable+UITableView.swift in Sources */ = {isa = PBXBuildFile; fileRef = 87DF0B20219C2D0A00D479B0 /* Obserable+UITableView.swift */; };
		87DFF49F2195208E00EB5438 /* LLMainService.swift in Sources */ = {isa = PBXBuildFile; fileRef = 87DFF49E2195208E00EB5438 /* LLMainService.swift */; };
		87DFF4A3219522D400EB5438 /* LLMainApi.swift in Sources */ = {isa = PBXBuildFile; fileRef = 87DFF4A2219522D400EB5438 /* LLMainApi.swift */; };
		87DFF4A52195257500EB5438 /* MoyaRequestProtocol.swift in Sources */ = {isa = PBXBuildFile; fileRef = 87DFF4A42195257500EB5438 /* MoyaRequestProtocol.swift */; };
		87DFF4A8219539CC00EB5438 /* LLMainBanner.swift in Sources */ = {isa = PBXBuildFile; fileRef = 87DFF4A7219539CC00EB5438 /* LLMainBanner.swift */; };
		87DFF4AA2195618B00EB5438 /* ServiceResult.swift in Sources */ = {isa = PBXBuildFile; fileRef = 87DFF4A92195618B00EB5438 /* ServiceResult.swift */; };
		87DFF4AC2195630000EB5438 /* ServiceError.swift in Sources */ = {isa = PBXBuildFile; fileRef = 87DFF4AB2195630000EB5438 /* ServiceError.swift */; };
		87DFF4AE21956D6900EB5438 /* Provider.swift in Sources */ = {isa = PBXBuildFile; fileRef = 87DFF4AD21956D6900EB5438 /* Provider.swift */; };
		87DFF4B021957D9500EB5438 /* ModelableProtocol.swift in Sources */ = {isa = PBXBuildFile; fileRef = 87DFF4AF21957D9500EB5438 /* ModelableProtocol.swift */; };
		87DFF4B32195933300EB5438 /* LLMainViewModel.swift in Sources */ = {isa = PBXBuildFile; fileRef = 87DFF4B22195933300EB5438 /* LLMainViewModel.swift */; };
		87EF0E922743B09800A14AC3 /* LLScrollViewController.swift in Sources */ = {isa = PBXBuildFile; fileRef = 87EF0E912743B09800A14AC3 /* LLScrollViewController.swift */; };
		8C4EA36B25CD2E0F0047D286 /* LLPickerView.swift in Sources */ = {isa = PBXBuildFile; fileRef = 8C4EA36A25CD2E0F0047D286 /* LLPickerView.swift */; };
		8C4EA36F25CD2E1E0047D286 /* LLPickerView.xib in Resources */ = {isa = PBXBuildFile; fileRef = 8C4EA36E25CD2E1E0047D286 /* LLPickerView.xib */; };
		8C5ABC8625B90A9C00763628 /* LLEqualSpaceCollectionVc.swift in Sources */ = {isa = PBXBuildFile; fileRef = 8C5ABC8525B90A9C00763628 /* LLEqualSpaceCollectionVc.swift */; };
		8C5ABC8A25B90E8700763628 /* LLEqualSpaceCollectionCell.swift in Sources */ = {isa = PBXBuildFile; fileRef = 8C5ABC8925B90E8700763628 /* LLEqualSpaceCollectionCell.swift */; };
		8C5ABC8E25B914B800763628 /* LLEqualSpaceData.json in Resources */ = {isa = PBXBuildFile; fileRef = 8C5ABC8D25B914B800763628 /* LLEqualSpaceData.json */; };
		8C5ABC9425B9199900763628 /* LLUtils.swift in Sources */ = {isa = PBXBuildFile; fileRef = 8C5ABC9325B9199900763628 /* LLUtils.swift */; };
		8C5ABC9A25B9770A00763628 /* LLDatePickerView.swift in Sources */ = {isa = PBXBuildFile; fileRef = 8C5ABC9925B9770A00763628 /* LLDatePickerView.swift */; };
		8C5ABCA025B9783000763628 /* LLDatePickerView.xib in Resources */ = {isa = PBXBuildFile; fileRef = 8C5ABC9F25B9783000763628 /* LLDatePickerView.xib */; };
		8C5ABCA425B978CF00763628 /* DateExtension.swift in Sources */ = {isa = PBXBuildFile; fileRef = 8C5ABCA325B978CF00763628 /* DateExtension.swift */; };
		8C7841FD25C00FBB00697A0A /* LLPopView.swift in Sources */ = {isa = PBXBuildFile; fileRef = 8C7841FC25C00FBB00697A0A /* LLPopView.swift */; };
		8C90ECB4254BEB08000670F4 /* LLBaseOnCoreData.swift in Sources */ = {isa = PBXBuildFile; fileRef = 8C90ECB3254BEB08000670F4 /* LLBaseOnCoreData.swift */; };
		8C90ECB8254BEBAA000670F4 /* LLFish+.swift in Sources */ = {isa = PBXBuildFile; fileRef = 8C90ECB7254BEBAA000670F4 /* LLFish+.swift */; };
		8C90ECBC254BF340000670F4 /* LLCoreDataViewController.swift in Sources */ = {isa = PBXBuildFile; fileRef = 8C90ECBB254BF340000670F4 /* LLCoreDataViewController.swift */; };
		8C954757254AB77000EF77C4 /* LLFish.xcdatamodeld in Sources */ = {isa = PBXBuildFile; fileRef = 8C954755254AB77000EF77C4 /* LLFish.xcdatamodeld */; };
		8C95475C254AB99600EF77C4 /* Fish+CoreDataClass copy.swift in Sources */ = {isa = PBXBuildFile; fileRef = 8C95475A254AB99600EF77C4 /* Fish+CoreDataClass copy.swift */; };
		8C95475D254AB99600EF77C4 /* Fish+CoreDataProperties copy.swift in Sources */ = {isa = PBXBuildFile; fileRef = 8C95475B254AB99600EF77C4 /* Fish+CoreDataProperties copy.swift */; };
		8C954761254ABB7F00EF77C4 /* LLDBManager.swift in Sources */ = {isa = PBXBuildFile; fileRef = 8C954760254ABB7F00EF77C4 /* LLDBManager.swift */; };
		8CA2A94025B8228E00FE0615 /* LLEqualSpaceFlowLayout.swift in Sources */ = {isa = PBXBuildFile; fileRef = 8CA2A93F25B8228E00FE0615 /* LLEqualSpaceFlowLayout.swift */; };
		8CB9786A25C0F9C200A6AFBB /* FWPopupView.swift in Sources */ = {isa = PBXBuildFile; fileRef = 8CB9786925C0F9C200A6AFBB /* FWPopupView.swift */; };
		8CB9786E25C0FA1A00A6AFBB /* FWPopupSWindow.swift in Sources */ = {isa = PBXBuildFile; fileRef = 8CB9786D25C0FA1A00A6AFBB /* FWPopupSWindow.swift */; };
		8CB9787225C0FA4100A6AFBB /* FWPopupCategory.swift in Sources */ = {isa = PBXBuildFile; fileRef = 8CB9787125C0FA4100A6AFBB /* FWPopupCategory.swift */; };
		8CB9787625C0FA7100A6AFBB /* FWPopupRootViewController.swift in Sources */ = {isa = PBXBuildFile; fileRef = 8CB9787525C0FA7100A6AFBB /* FWPopupRootViewController.swift */; };
		8CD0EE0025BABF5500599EBC /* LLPayUtils.swift in Sources */ = {isa = PBXBuildFile; fileRef = 8CD0EDFF25BABF5500599EBC /* LLPayUtils.swift */; };
		8CD0EE0625BAC49900599EBC /* LLWXPayModel.swift in Sources */ = {isa = PBXBuildFile; fileRef = 8CD0EE0525BAC49900599EBC /* LLWXPayModel.swift */; };
		8CD0EE0F25BACBC100599EBC /* Decode+.swift in Sources */ = {isa = PBXBuildFile; fileRef = 8CD0EE0E25BACBC100599EBC /* Decode+.swift */; };
		8CD0EE1F25BACEB200599EBC /* libWeChatSDK.a in Frameworks */ = {isa = PBXBuildFile; fileRef = 8CD0EE1E25BACEB200599EBC /* libWeChatSDK.a */; };
		8CD0EE5225BAD03D00599EBC /* libc++.tbd in Frameworks */ = {isa = PBXBuildFile; fileRef = 8CD0EE2E25BACF4300599EBC /* libc++.tbd */; };
		8CD0EE6225BAD57E00599EBC /* LLPayResult.swift in Sources */ = {isa = PBXBuildFile; fileRef = 8CD0EE6125BAD57E00599EBC /* LLPayResult.swift */; };
		8CD2039C25F605490088497C /* ImageBrowserView.m in Sources */ = {isa = PBXBuildFile; fileRef = 8CD2039925F605490088497C /* ImageBrowserView.m */; };
		8CD2039D25F605490088497C /* ZoomingScrollView.m in Sources */ = {isa = PBXBuildFile; fileRef = 8CD2039A25F605490088497C /* ZoomingScrollView.m */; };
		8CD6A3E3254976D7005D76A9 /* LLDBViewController.swift in Sources */ = {isa = PBXBuildFile; fileRef = 8CD6A3E2254976D7005D76A9 /* LLDBViewController.swift */; };
		8CD963CF25F07A6F00B65E7E /* EqualSpaceFlowLayout.m in Sources */ = {isa = PBXBuildFile; fileRef = 8CD963CE25F07A6E00B65E7E /* EqualSpaceFlowLayout.m */; };
		8CF07BBD25BFF53800CBC3BB /* CRTipPopUpView.swift in Sources */ = {isa = PBXBuildFile; fileRef = 8CF07BBB25BFF53800CBC3BB /* CRTipPopUpView.swift */; };
		8CF07BBE25BFF53800CBC3BB /* CRTipPopUpView.xib in Resources */ = {isa = PBXBuildFile; fileRef = 8CF07BBC25BFF53800CBC3BB /* CRTipPopUpView.xib */; };
		9717863927FD6D0900AAD72E /* LLTestIMViewController.swift in Sources */ = {isa = PBXBuildFile; fileRef = 9717863727FD6D0900AAD72E /* LLTestIMViewController.swift */; };
		9717863A27FD6D0900AAD72E /* LLTestIMViewController.xib in Resources */ = {isa = PBXBuildFile; fileRef = 9717863827FD6D0900AAD72E /* LLTestIMViewController.xib */; };
		9717863D27FD8AAF00AAD72E /* MyMessageModel.swift in Sources */ = {isa = PBXBuildFile; fileRef = 9717863C27FD8AAF00AAD72E /* MyMessageModel.swift */; };
		9782E5F0283222E700B0CEFE /* LLIPHelper.m in Sources */ = {isa = PBXBuildFile; fileRef = 9782E5EF283222E700B0CEFE /* LLIPHelper.m */; };
		9B30182A48EAF51A82096190 /* Pods_LLmyApp.framework in Frameworks */ = {isa = PBXBuildFile; fileRef = EF071408B73C73C83B8A5146 /* Pods_LLmyApp.framework */; };
/* End PBXBuildFile section */

/* Begin PBXContainerItemProxy section */
		87AB30ED21940BD100B330EA /* PBXContainerItemProxy */ = {
			isa = PBXContainerItemProxy;
			containerPortal = 87AB30D021940BD000B330EA /* Project object */;
			proxyType = 1;
			remoteGlobalIDString = 87AB30D721940BD000B330EA;
			remoteInfo = LLmyApp;
		};
/* End PBXContainerItemProxy section */

/* Begin PBXFileReference section */
		87168630219917B60019968E /* ProgressPluginIn.swift */ = {isa = PBXFileReference; lastKnownFileType = sourcecode.swift; path = ProgressPluginIn.swift; sourceTree = "<group>"; };
		87168634219918090019968E /* HUD.swift */ = {isa = PBXFileReference; lastKnownFileType = sourcecode.swift; path = HUD.swift; sourceTree = "<group>"; };
		871686362199181F0019968E /* CRHUD.swift */ = {isa = PBXFileReference; lastKnownFileType = sourcecode.swift; path = CRHUD.swift; sourceTree = "<group>"; };
		871686382199182C0019968E /* CRHUDProgressView.swift */ = {isa = PBXFileReference; lastKnownFileType = sourcecode.swift; path = CRHUDProgressView.swift; sourceTree = "<group>"; };
		8716863A219918390019968E /* CRHUDLabelView.swift */ = {isa = PBXFileReference; lastKnownFileType = sourcecode.swift; path = CRHUDLabelView.swift; sourceTree = "<group>"; };
		8716863C2199184D0019968E /* HUDHelper.swift */ = {isa = PBXFileReference; lastKnownFileType = sourcecode.swift; path = HUDHelper.swift; sourceTree = "<group>"; };
		8716863E219919600019968E /* UIViewExtension.swift */ = {isa = PBXFileReference; lastKnownFileType = sourcecode.swift; path = UIViewExtension.swift; sourceTree = "<group>"; };
		871686402199264D0019968E /* 加载.gif */ = {isa = PBXFileReference; lastKnownFileType = image.gif; path = "加载.gif"; sourceTree = "<group>"; };
		87168642219951220019968E /* GatewayHelper.swift */ = {isa = PBXFileReference; lastKnownFileType = sourcecode.swift; path = GatewayHelper.swift; sourceTree = "<group>"; };
		8716864421995D800019968E /* RandomString.swift */ = {isa = PBXFileReference; lastKnownFileType = sourcecode.swift; path = RandomString.swift; sourceTree = "<group>"; };
		87168646219961460019968E /* LLmyApp-Bridging-Header.h */ = {isa = PBXFileReference; lastKnownFileType = sourcecode.c.h; path = "LLmyApp-Bridging-Header.h"; sourceTree = "<group>"; };
		87168647219961470019968E /* LLOCbridge.m */ = {isa = PBXFileReference; lastKnownFileType = sourcecode.c.objc; path = LLOCbridge.m; sourceTree = "<group>"; };
		87193EDA27211D7E0020D002 /* FRVideoPlayerView.swift */ = {isa = PBXFileReference; fileEncoding = 4; lastKnownFileType = sourcecode.swift; path = FRVideoPlayerView.swift; sourceTree = "<group>"; };
		87193EDF27211F030020D002 /* LLVideoPlayViewController.swift */ = {isa = PBXFileReference; lastKnownFileType = sourcecode.swift; path = LLVideoPlayViewController.swift; sourceTree = "<group>"; };
		87193EE3272121290020D002 /* 老照片.mp4 */ = {isa = PBXFileReference; lastKnownFileType = file; path = "老照片.mp4"; sourceTree = "<group>"; };
		87193EE72721220E0020D002 /* VideoPlayViewController.swift */ = {isa = PBXFileReference; lastKnownFileType = sourcecode.swift; path = VideoPlayViewController.swift; sourceTree = "<group>"; };
		8733C02027117A0500FED3E4 /* LLAlerSheetView.swift */ = {isa = PBXFileReference; lastKnownFileType = sourcecode.swift; path = LLAlerSheetView.swift; sourceTree = "<group>"; };
		8742810827449F5E005A458E /* LLScrollViewDemoCell.swift */ = {isa = PBXFileReference; lastKnownFileType = sourcecode.swift; path = LLScrollViewDemoCell.swift; sourceTree = "<group>"; };
		8742810927449F5E005A458E /* LLScrollViewDemoCell.xib */ = {isa = PBXFileReference; lastKnownFileType = file.xib; path = LLScrollViewDemoCell.xib; sourceTree = "<group>"; };
		8748487C2394E11D0041F3CB /* Bundle */ = {isa = PBXFileReference; lastKnownFileType = folder; path = Bundle; sourceTree = "<group>"; };
		875A69FF2759F91F00BFD2C4 /* LLBookPlayPopView.swift */ = {isa = PBXFileReference; lastKnownFileType = sourcecode.swift; path = LLBookPlayPopView.swift; sourceTree = "<group>"; };
		876FB97D27587FB90037DB50 /* LLPopoVerViewController.swift */ = {isa = PBXFileReference; lastKnownFileType = sourcecode.swift; path = LLPopoVerViewController.swift; sourceTree = "<group>"; };
		878A861826BA36EB000A3EE8 /* LLMarkView.swift */ = {isa = PBXFileReference; lastKnownFileType = sourcecode.swift; path = LLMarkView.swift; sourceTree = "<group>"; };
		87AB304A271FCDF60063DC9B /* LLOssHelper.swift */ = {isa = PBXFileReference; lastKnownFileType = sourcecode.swift; path = LLOssHelper.swift; sourceTree = "<group>"; };
		87AB30D821940BD000B330EA /* LLmyApp.app */ = {isa = PBXFileReference; explicitFileType = wrapper.application; includeInIndex = 0; path = LLmyApp.app; sourceTree = BUILT_PRODUCTS_DIR; };
		87AB30DB21940BD000B330EA /* AppDelegate.swift */ = {isa = PBXFileReference; lastKnownFileType = sourcecode.swift; path = AppDelegate.swift; sourceTree = "<group>"; };
		87AB30E221940BD100B330EA /* Assets.xcassets */ = {isa = PBXFileReference; lastKnownFileType = folder.assetcatalog; path = Assets.xcassets; sourceTree = "<group>"; };
		87AB30E521940BD100B330EA /* Base */ = {isa = PBXFileReference; lastKnownFileType = file.storyboard; name = Base; path = Base.lproj/LaunchScreen.storyboard; sourceTree = "<group>"; };
		87AB30E721940BD100B330EA /* Info.plist */ = {isa = PBXFileReference; lastKnownFileType = text.plist.xml; path = Info.plist; sourceTree = "<group>"; };
		87AB30EC21940BD100B330EA /* LLmyAppUITests.xctest */ = {isa = PBXFileReference; explicitFileType = wrapper.cfbundle; includeInIndex = 0; path = LLmyAppUITests.xctest; sourceTree = BUILT_PRODUCTS_DIR; };
		87AB30F021940BD100B330EA /* LLmyAppUITests.swift */ = {isa = PBXFileReference; lastKnownFileType = sourcecode.swift; path = LLmyAppUITests.swift; sourceTree = "<group>"; };
		87AB30F221940BD100B330EA /* Info.plist */ = {isa = PBXFileReference; lastKnownFileType = text.plist.xml; path = Info.plist; sourceTree = "<group>"; };
		87AB30FE219418A600B330EA /* LLCustomTabBar.swift */ = {isa = PBXFileReference; lastKnownFileType = sourcecode.swift; path = LLCustomTabBar.swift; sourceTree = "<group>"; };
		87AB31012194195700B330EA /* NibLoadableProtocol.swift */ = {isa = PBXFileReference; lastKnownFileType = sourcecode.swift; path = NibLoadableProtocol.swift; sourceTree = "<group>"; };
		87AB3103219419BE00B330EA /* UIColor+Hex.swift */ = {isa = PBXFileReference; lastKnownFileType = sourcecode.swift; path = "UIColor+Hex.swift"; sourceTree = "<group>"; };
		87AB310521941A5B00B330EA /* LLCustomTabBar.xib */ = {isa = PBXFileReference; lastKnownFileType = file.xib; path = LLCustomTabBar.xib; sourceTree = "<group>"; };
		87AB310721941AB500B330EA /* LLTabBarViewController.swift */ = {isa = PBXFileReference; lastKnownFileType = sourcecode.swift; path = LLTabBarViewController.swift; sourceTree = "<group>"; };
		87AB310A21941BA000B330EA /* Commons.swift */ = {isa = PBXFileReference; lastKnownFileType = sourcecode.swift; path = Commons.swift; sourceTree = "<group>"; };
		87AB310D21941CCA00B330EA /* BaseNavigationController.swift */ = {isa = PBXFileReference; lastKnownFileType = sourcecode.swift; path = BaseNavigationController.swift; sourceTree = "<group>"; };
		87AB3111219441D000B330EA /* LLMainViewController.swift */ = {isa = PBXFileReference; lastKnownFileType = sourcecode.swift; path = LLMainViewController.swift; sourceTree = "<group>"; };
		87AB3113219441DF00B330EA /* LLMainUI.storyboard */ = {isa = PBXFileReference; lastKnownFileType = file.storyboard; path = LLMainUI.storyboard; sourceTree = "<group>"; };
		87CB647826B94D8F00EE9F83 /* LLChartsViewController.swift */ = {isa = PBXFileReference; lastKnownFileType = sourcecode.swift; path = LLChartsViewController.swift; sourceTree = "<group>"; };
		87CB647926B94D8F00EE9F83 /* LLChartsViewController.xib */ = {isa = PBXFileReference; lastKnownFileType = file.xib; path = LLChartsViewController.xib; sourceTree = "<group>"; };
		87DF0B06219C15BD00D479B0 /* LLHealthCardViewController.swift */ = {isa = PBXFileReference; lastKnownFileType = sourcecode.swift; path = LLHealthCardViewController.swift; sourceTree = "<group>"; };
		87DF0B07219C15BD00D479B0 /* LLHealthCardViewController.xib */ = {isa = PBXFileReference; lastKnownFileType = file.xib; path = LLHealthCardViewController.xib; sourceTree = "<group>"; };
		87DF0B0B219C16B700D479B0 /* LLHealthCardViewModel.swift */ = {isa = PBXFileReference; lastKnownFileType = sourcecode.swift; path = LLHealthCardViewModel.swift; sourceTree = "<group>"; };
		87DF0B0D219C178F00D479B0 /* RxSwift+Operator.swift */ = {isa = PBXFileReference; lastKnownFileType = sourcecode.swift; path = "RxSwift+Operator.swift"; sourceTree = "<group>"; };
		87DF0B0F219C18EF00D479B0 /* ReusableViewProtocal.swift */ = {isa = PBXFileReference; lastKnownFileType = sourcecode.swift; path = ReusableViewProtocal.swift; sourceTree = "<group>"; };
		87DF0B15219C206B00D479B0 /* LLHealthCardCell.swift */ = {isa = PBXFileReference; lastKnownFileType = sourcecode.swift; path = LLHealthCardCell.swift; sourceTree = "<group>"; };
		87DF0B16219C206B00D479B0 /* LLHealthCardCell.xib */ = {isa = PBXFileReference; lastKnownFileType = file.xib; path = LLHealthCardCell.xib; sourceTree = "<group>"; };
		87DF0B19219C21A400D479B0 /* LLHealthCardModel.swift */ = {isa = PBXFileReference; lastKnownFileType = sourcecode.swift; path = LLHealthCardModel.swift; sourceTree = "<group>"; };
		87DF0B1C219C22DD00D479B0 /* LLHealthCardService.swift */ = {isa = PBXFileReference; lastKnownFileType = sourcecode.swift; path = LLHealthCardService.swift; sourceTree = "<group>"; };
		87DF0B1E219C231100D479B0 /* LLHealthCardApi.swift */ = {isa = PBXFileReference; lastKnownFileType = sourcecode.swift; path = LLHealthCardApi.swift; sourceTree = "<group>"; };
		87DF0B20219C2D0A00D479B0 /* Obserable+UITableView.swift */ = {isa = PBXFileReference; lastKnownFileType = sourcecode.swift; path = "Obserable+UITableView.swift"; sourceTree = "<group>"; };
		87DFF49E2195208E00EB5438 /* LLMainService.swift */ = {isa = PBXFileReference; lastKnownFileType = sourcecode.swift; path = LLMainService.swift; sourceTree = "<group>"; };
		87DFF4A2219522D400EB5438 /* LLMainApi.swift */ = {isa = PBXFileReference; lastKnownFileType = sourcecode.swift; path = LLMainApi.swift; sourceTree = "<group>"; };
		87DFF4A42195257500EB5438 /* MoyaRequestProtocol.swift */ = {isa = PBXFileReference; lastKnownFileType = sourcecode.swift; path = MoyaRequestProtocol.swift; sourceTree = "<group>"; };
		87DFF4A7219539CC00EB5438 /* LLMainBanner.swift */ = {isa = PBXFileReference; lastKnownFileType = sourcecode.swift; path = LLMainBanner.swift; sourceTree = "<group>"; };
		87DFF4A92195618B00EB5438 /* ServiceResult.swift */ = {isa = PBXFileReference; lastKnownFileType = sourcecode.swift; path = ServiceResult.swift; sourceTree = "<group>"; };
		87DFF4AB2195630000EB5438 /* ServiceError.swift */ = {isa = PBXFileReference; lastKnownFileType = sourcecode.swift; path = ServiceError.swift; sourceTree = "<group>"; };
		87DFF4AD21956D6900EB5438 /* Provider.swift */ = {isa = PBXFileReference; lastKnownFileType = sourcecode.swift; path = Provider.swift; sourceTree = "<group>"; };
		87DFF4AF21957D9500EB5438 /* ModelableProtocol.swift */ = {isa = PBXFileReference; lastKnownFileType = sourcecode.swift; path = ModelableProtocol.swift; sourceTree = "<group>"; };
		87DFF4B22195933300EB5438 /* LLMainViewModel.swift */ = {isa = PBXFileReference; lastKnownFileType = sourcecode.swift; path = LLMainViewModel.swift; sourceTree = "<group>"; };
		87EF0E912743B09800A14AC3 /* LLScrollViewController.swift */ = {isa = PBXFileReference; lastKnownFileType = sourcecode.swift; path = LLScrollViewController.swift; sourceTree = "<group>"; };
		8C4EA36A25CD2E0F0047D286 /* LLPickerView.swift */ = {isa = PBXFileReference; lastKnownFileType = sourcecode.swift; path = LLPickerView.swift; sourceTree = "<group>"; };
		8C4EA36E25CD2E1E0047D286 /* LLPickerView.xib */ = {isa = PBXFileReference; lastKnownFileType = file.xib; path = LLPickerView.xib; sourceTree = "<group>"; };
		8C5ABC8525B90A9C00763628 /* LLEqualSpaceCollectionVc.swift */ = {isa = PBXFileReference; lastKnownFileType = sourcecode.swift; path = LLEqualSpaceCollectionVc.swift; sourceTree = "<group>"; };
		8C5ABC8925B90E8700763628 /* LLEqualSpaceCollectionCell.swift */ = {isa = PBXFileReference; lastKnownFileType = sourcecode.swift; path = LLEqualSpaceCollectionCell.swift; sourceTree = "<group>"; };
		8C5ABC8D25B914B800763628 /* LLEqualSpaceData.json */ = {isa = PBXFileReference; lastKnownFileType = text.json; path = LLEqualSpaceData.json; sourceTree = "<group>"; };
		8C5ABC9325B9199900763628 /* LLUtils.swift */ = {isa = PBXFileReference; lastKnownFileType = sourcecode.swift; path = LLUtils.swift; sourceTree = "<group>"; };
		8C5ABC9925B9770A00763628 /* LLDatePickerView.swift */ = {isa = PBXFileReference; lastKnownFileType = sourcecode.swift; path = LLDatePickerView.swift; sourceTree = "<group>"; };
		8C5ABC9F25B9783000763628 /* LLDatePickerView.xib */ = {isa = PBXFileReference; fileEncoding = 4; lastKnownFileType = file.xib; path = LLDatePickerView.xib; sourceTree = "<group>"; };
		8C5ABCA325B978CF00763628 /* DateExtension.swift */ = {isa = PBXFileReference; fileEncoding = 4; lastKnownFileType = sourcecode.swift; path = DateExtension.swift; sourceTree = "<group>"; };
		8C7841FC25C00FBB00697A0A /* LLPopView.swift */ = {isa = PBXFileReference; lastKnownFileType = sourcecode.swift; path = LLPopView.swift; sourceTree = "<group>"; };
		8C90ECB3254BEB08000670F4 /* LLBaseOnCoreData.swift */ = {isa = PBXFileReference; lastKnownFileType = sourcecode.swift; path = LLBaseOnCoreData.swift; sourceTree = "<group>"; };
		8C90ECB7254BEBAA000670F4 /* LLFish+.swift */ = {isa = PBXFileReference; lastKnownFileType = sourcecode.swift; path = "LLFish+.swift"; sourceTree = "<group>"; };
		8C90ECBB254BF340000670F4 /* LLCoreDataViewController.swift */ = {isa = PBXFileReference; lastKnownFileType = sourcecode.swift; path = LLCoreDataViewController.swift; sourceTree = "<group>"; };
		8C954756254AB77000EF77C4 /* LLFish.xcdatamodel */ = {isa = PBXFileReference; lastKnownFileType = wrapper.xcdatamodel; path = LLFish.xcdatamodel; sourceTree = "<group>"; };
		8C95475A254AB99600EF77C4 /* Fish+CoreDataClass copy.swift */ = {isa = PBXFileReference; fileEncoding = 4; lastKnownFileType = sourcecode.swift; path = "Fish+CoreDataClass copy.swift"; sourceTree = "<group>"; };
		8C95475B254AB99600EF77C4 /* Fish+CoreDataProperties copy.swift */ = {isa = PBXFileReference; fileEncoding = 4; lastKnownFileType = sourcecode.swift; path = "Fish+CoreDataProperties copy.swift"; sourceTree = "<group>"; };
		8C954760254ABB7F00EF77C4 /* LLDBManager.swift */ = {isa = PBXFileReference; lastKnownFileType = sourcecode.swift; path = LLDBManager.swift; sourceTree = "<group>"; };
		8CA2A93F25B8228E00FE0615 /* LLEqualSpaceFlowLayout.swift */ = {isa = PBXFileReference; lastKnownFileType = sourcecode.swift; path = LLEqualSpaceFlowLayout.swift; sourceTree = "<group>"; };
		8CB9786925C0F9C200A6AFBB /* FWPopupView.swift */ = {isa = PBXFileReference; fileEncoding = 4; lastKnownFileType = sourcecode.swift; path = FWPopupView.swift; sourceTree = "<group>"; };
		8CB9786D25C0FA1A00A6AFBB /* FWPopupSWindow.swift */ = {isa = PBXFileReference; fileEncoding = 4; lastKnownFileType = sourcecode.swift; path = FWPopupSWindow.swift; sourceTree = "<group>"; };
		8CB9787125C0FA4100A6AFBB /* FWPopupCategory.swift */ = {isa = PBXFileReference; fileEncoding = 4; lastKnownFileType = sourcecode.swift; path = FWPopupCategory.swift; sourceTree = "<group>"; };
		8CB9787525C0FA7100A6AFBB /* FWPopupRootViewController.swift */ = {isa = PBXFileReference; fileEncoding = 4; lastKnownFileType = sourcecode.swift; path = FWPopupRootViewController.swift; sourceTree = "<group>"; };
		8CD0EDFF25BABF5500599EBC /* LLPayUtils.swift */ = {isa = PBXFileReference; lastKnownFileType = sourcecode.swift; path = LLPayUtils.swift; sourceTree = "<group>"; };
		8CD0EE0525BAC49900599EBC /* LLWXPayModel.swift */ = {isa = PBXFileReference; lastKnownFileType = sourcecode.swift; path = LLWXPayModel.swift; sourceTree = "<group>"; };
		8CD0EE0925BAC61100599EBC /* WechatAuthSDK.h */ = {isa = PBXFileReference; fileEncoding = 4; lastKnownFileType = sourcecode.c.h; path = WechatAuthSDK.h; sourceTree = "<group>"; };
		8CD0EE0A25BAC61100599EBC /* WXApiObject.h */ = {isa = PBXFileReference; fileEncoding = 4; lastKnownFileType = sourcecode.c.h; path = WXApiObject.h; sourceTree = "<group>"; };
		8CD0EE0B25BAC61100599EBC /* WXApi.h */ = {isa = PBXFileReference; fileEncoding = 4; lastKnownFileType = sourcecode.c.h; path = WXApi.h; sourceTree = "<group>"; };
		8CD0EE0E25BACBC100599EBC /* Decode+.swift */ = {isa = PBXFileReference; lastKnownFileType = sourcecode.swift; path = "Decode+.swift"; sourceTree = "<group>"; };
		8CD0EE1E25BACEB200599EBC /* libWeChatSDK.a */ = {isa = PBXFileReference; lastKnownFileType = archive.ar; path = libWeChatSDK.a; sourceTree = "<group>"; };
		8CD0EE2E25BACF4300599EBC /* libc++.tbd */ = {isa = PBXFileReference; lastKnownFileType = "sourcecode.text-based-dylib-definition"; name = "libc++.tbd"; path = "usr/lib/libc++.tbd"; sourceTree = SDKROOT; };
		8CD0EE3225BACF6500599EBC /* libz.tbd */ = {isa = PBXFileReference; lastKnownFileType = "sourcecode.text-based-dylib-definition"; name = libz.tbd; path = usr/lib/libz.tbd; sourceTree = SDKROOT; };
		8CD0EE6125BAD57E00599EBC /* LLPayResult.swift */ = {isa = PBXFileReference; lastKnownFileType = sourcecode.swift; path = LLPayResult.swift; sourceTree = "<group>"; };
		8CD2039825F605490088497C /* ImageBrowserView.h */ = {isa = PBXFileReference; fileEncoding = 4; lastKnownFileType = sourcecode.c.h; path = ImageBrowserView.h; sourceTree = "<group>"; };
		8CD2039925F605490088497C /* ImageBrowserView.m */ = {isa = PBXFileReference; fileEncoding = 4; lastKnownFileType = sourcecode.c.objc; path = ImageBrowserView.m; sourceTree = "<group>"; };
		8CD2039A25F605490088497C /* ZoomingScrollView.m */ = {isa = PBXFileReference; fileEncoding = 4; lastKnownFileType = sourcecode.c.objc; path = ZoomingScrollView.m; sourceTree = "<group>"; };
		8CD2039B25F605490088497C /* ZoomingScrollView.h */ = {isa = PBXFileReference; fileEncoding = 4; lastKnownFileType = sourcecode.c.h; path = ZoomingScrollView.h; sourceTree = "<group>"; };
		8CD6A3E2254976D7005D76A9 /* LLDBViewController.swift */ = {isa = PBXFileReference; lastKnownFileType = sourcecode.swift; path = LLDBViewController.swift; sourceTree = "<group>"; };
		8CD963CD25F07A6E00B65E7E /* EqualSpaceFlowLayout.h */ = {isa = PBXFileReference; fileEncoding = 4; lastKnownFileType = sourcecode.c.h; path = EqualSpaceFlowLayout.h; sourceTree = "<group>"; };
		8CD963CE25F07A6E00B65E7E /* EqualSpaceFlowLayout.m */ = {isa = PBXFileReference; fileEncoding = 4; lastKnownFileType = sourcecode.c.objc; path = EqualSpaceFlowLayout.m; sourceTree = "<group>"; };
		8CF07BBB25BFF53800CBC3BB /* CRTipPopUpView.swift */ = {isa = PBXFileReference; fileEncoding = 4; lastKnownFileType = sourcecode.swift; path = CRTipPopUpView.swift; sourceTree = "<group>"; };
		8CF07BBC25BFF53800CBC3BB /* CRTipPopUpView.xib */ = {isa = PBXFileReference; fileEncoding = 4; lastKnownFileType = file.xib; path = CRTipPopUpView.xib; sourceTree = "<group>"; };
		9717863727FD6D0900AAD72E /* LLTestIMViewController.swift */ = {isa = PBXFileReference; lastKnownFileType = sourcecode.swift; path = LLTestIMViewController.swift; sourceTree = "<group>"; };
		9717863827FD6D0900AAD72E /* LLTestIMViewController.xib */ = {isa = PBXFileReference; lastKnownFileType = file.xib; path = LLTestIMViewController.xib; sourceTree = "<group>"; };
		9717863C27FD8AAF00AAD72E /* MyMessageModel.swift */ = {isa = PBXFileReference; lastKnownFileType = sourcecode.swift; path = MyMessageModel.swift; sourceTree = "<group>"; };
		9782E5EE283222E700B0CEFE /* LLIPHelper.h */ = {isa = PBXFileReference; lastKnownFileType = sourcecode.c.h; path = LLIPHelper.h; sourceTree = "<group>"; };
		9782E5EF283222E700B0CEFE /* LLIPHelper.m */ = {isa = PBXFileReference; lastKnownFileType = sourcecode.c.objc; path = LLIPHelper.m; sourceTree = "<group>"; };
		DC6D3843F418405E2E08BDF9 /* Pods-LLmyApp.debug.xcconfig */ = {isa = PBXFileReference; includeInIndex = 1; lastKnownFileType = text.xcconfig; name = "Pods-LLmyApp.debug.xcconfig"; path = "Pods/Target Support Files/Pods-LLmyApp/Pods-LLmyApp.debug.xcconfig"; sourceTree = "<group>"; };
		DE731DC4AD363D5A31E16675 /* Pods-LLmyApp.release.xcconfig */ = {isa = PBXFileReference; includeInIndex = 1; lastKnownFileType = text.xcconfig; name = "Pods-LLmyApp.release.xcconfig"; path = "Pods/Target Support Files/Pods-LLmyApp/Pods-LLmyApp.release.xcconfig"; sourceTree = "<group>"; };
		EF071408B73C73C83B8A5146 /* Pods_LLmyApp.framework */ = {isa = PBXFileReference; explicitFileType = wrapper.framework; includeInIndex = 0; path = Pods_LLmyApp.framework; sourceTree = BUILT_PRODUCTS_DIR; };
/* End PBXFileReference section */

/* Begin PBXFrameworksBuildPhase section */
		87AB30D521940BD000B330EA /* Frameworks */ = {
			isa = PBXFrameworksBuildPhase;
			buildActionMask = 2147483647;
			files = (
				8CD0EE5225BAD03D00599EBC /* libc++.tbd in Frameworks */,
				8CD0EE1F25BACEB200599EBC /* libWeChatSDK.a in Frameworks */,
				9B30182A48EAF51A82096190 /* Pods_LLmyApp.framework in Frameworks */,
			);
			runOnlyForDeploymentPostprocessing = 0;
		};
		87AB30E921940BD100B330EA /* Frameworks */ = {
			isa = PBXFrameworksBuildPhase;
			buildActionMask = 2147483647;
			files = (
			);
			runOnlyForDeploymentPostprocessing = 0;
		};
/* End PBXFrameworksBuildPhase section */

/* Begin PBXGroup section */
		4ABCD02D618970ADCFAF6D78 /* Pods */ = {
			isa = PBXGroup;
			children = (
				DC6D3843F418405E2E08BDF9 /* Pods-LLmyApp.debug.xcconfig */,
				DE731DC4AD363D5A31E16675 /* Pods-LLmyApp.release.xcconfig */,
			);
			name = Pods;
			sourceTree = "<group>";
		};
		8716862F219917A00019968E /* Moya&Rx */ = {
			isa = PBXGroup;
			children = (
				87168630219917B60019968E /* ProgressPluginIn.swift */,
			);
			path = "Moya&Rx";
			sourceTree = "<group>";
		};
		87168632219917D80019968E /* Utils(工具类) */ = {
			isa = PBXGroup;
			children = (
				87AB3049271FCDB20063DC9B /* OSS */,
				8CD2039725F604100088497C /* LLPhotoBroswer */,
				8CB9786825C0F9AF00A6AFBB /* PopTool */,
				8CD0EDFE25BAB91000599EBC /* LLPay */,
				87168633219917E80019968E /* CRHUD */,
				8716863C2199184D0019968E /* HUDHelper.swift */,
				87168642219951220019968E /* GatewayHelper.swift */,
				8716864421995D800019968E /* RandomString.swift */,
				8C5ABC9325B9199900763628 /* LLUtils.swift */,
			);
			path = "Utils(工具类)";
			sourceTree = "<group>";
		};
		87168633219917E80019968E /* CRHUD */ = {
			isa = PBXGroup;
			children = (
				871686402199264D0019968E /* 加载.gif */,
				87168634219918090019968E /* HUD.swift */,
				871686362199181F0019968E /* CRHUD.swift */,
				871686382199182C0019968E /* CRHUDProgressView.swift */,
				8716863A219918390019968E /* CRHUDLabelView.swift */,
			);
			path = CRHUD;
			sourceTree = "<group>";
		};
		87193ED927211D490020D002 /* VideoPlayView */ = {
			isa = PBXGroup;
			children = (
				87193EDA27211D7E0020D002 /* FRVideoPlayerView.swift */,
			);
			path = VideoPlayView;
			sourceTree = "<group>";
		};
		87193EDE27211ED00020D002 /* VideoPlay(视频播放) */ = {
			isa = PBXGroup;
			children = (
				87193EE3272121290020D002 /* 老照片.mp4 */,
				87193EDF27211F030020D002 /* LLVideoPlayViewController.swift */,
				87193EE72721220E0020D002 /* VideoPlayViewController.swift */,
			);
			path = "VideoPlay(视频播放)";
			sourceTree = "<group>";
		};
		8733C01F27116C8200FED3E4 /* CustomAlerSheet */ = {
			isa = PBXGroup;
			children = (
				8733C02027117A0500FED3E4 /* LLAlerSheetView.swift */,
			);
			path = CustomAlerSheet;
			sourceTree = "<group>";
		};
		8748487E2394E1500041F3CB /* Resources */ = {
			isa = PBXGroup;
			children = (
				8748487C2394E11D0041F3CB /* Bundle */,
			);
			path = Resources;
			sourceTree = "<group>";
		};
		875A69FD2759F5DD00BFD2C4 /* BookPlay(书戏英语) */ = {
			isa = PBXGroup;
			children = (
				875A69FE2759F86A00BFD2C4 /* Pop */,
			);
			path = "BookPlay(书戏英语)";
			sourceTree = "<group>";
		};
		875A69FE2759F86A00BFD2C4 /* Pop */ = {
			isa = PBXGroup;
			children = (
				875A69FF2759F91F00BFD2C4 /* LLBookPlayPopView.swift */,
			);
			path = Pop;
			sourceTree = "<group>";
		};
		876FB97C27587F610037DB50 /* PopoverDemo(demo) */ = {
			isa = PBXGroup;
			children = (
				876FB97D27587FB90037DB50 /* LLPopoVerViewController.swift */,
			);
			path = "PopoverDemo(demo)";
			sourceTree = "<group>";
		};
		87AB3049271FCDB20063DC9B /* OSS */ = {
			isa = PBXGroup;
			children = (
				87AB304A271FCDF60063DC9B /* LLOssHelper.swift */,
			);
			path = OSS;
			sourceTree = "<group>";
		};
		87AB30CF21940BD000B330EA = {
			isa = PBXGroup;
			children = (
				87AB30DA21940BD000B330EA /* LLmyApp */,
				87AB30EF21940BD100B330EA /* LLmyAppUITests */,
				87AB30D921940BD000B330EA /* Products */,
				4ABCD02D618970ADCFAF6D78 /* Pods */,
				F3CC11BF8B800F17C7268C62 /* Frameworks */,
			);
			sourceTree = "<group>";
		};
		87AB30D921940BD000B330EA /* Products */ = {
			isa = PBXGroup;
			children = (
				87AB30D821940BD000B330EA /* LLmyApp.app */,
				87AB30EC21940BD100B330EA /* LLmyAppUITests.xctest */,
			);
			name = Products;
			sourceTree = "<group>";
		};
		87AB30DA21940BD000B330EA /* LLmyApp */ = {
			isa = PBXGroup;
			children = (
				8CA2A93E25B81F4600FE0615 /* Public */,
				8748487E2394E1500041F3CB /* Resources */,
				87168632219917D80019968E /* Utils(工具类) */,
				87AB310921941B8000B330EA /* Other(其它) */,
				87AB31002194191B00B330EA /* Extension(扩展) */,
				87AB30FC2194181400B330EA /* UI(视图) */,
				87AB30FB21940D7100B330EA /* Supporting Files */,
			);
			path = LLmyApp;
			sourceTree = "<group>";
		};
		87AB30EF21940BD100B330EA /* LLmyAppUITests */ = {
			isa = PBXGroup;
			children = (
				87AB30F021940BD100B330EA /* LLmyAppUITests.swift */,
				87AB30F221940BD100B330EA /* Info.plist */,
			);
			path = LLmyAppUITests;
			sourceTree = "<group>";
		};
		87AB30FB21940D7100B330EA /* Supporting Files */ = {
			isa = PBXGroup;
			children = (
				87AB30DB21940BD000B330EA /* AppDelegate.swift */,
				87AB30E721940BD100B330EA /* Info.plist */,
				87AB30E221940BD100B330EA /* Assets.xcassets */,
				87AB30E421940BD100B330EA /* LaunchScreen.storyboard */,
			);
			path = "Supporting Files";
			sourceTree = "<group>";
		};
		87AB30FC2194181400B330EA /* UI(视图) */ = {
			isa = PBXGroup;
			children = (
				9717863527FD6BED00AAD72E /* jphshIM(极光聊天模块) */,
				875A69FD2759F5DD00BFD2C4 /* BookPlay(书戏英语) */,
				876FB97C27587F610037DB50 /* PopoverDemo(demo) */,
				87EF0E902743B02100A14AC3 /* ScrollviewDemo(demo) */,
				87193EDE27211ED00020D002 /* VideoPlay(视频播放) */,
				87CB647726B94D5500EE9F83 /* lineCharts(图表) */,
				8CA2A93D25B81F2400FE0615 /* iboss */,
				8CD6A3E12549763A005D76A9 /* DB(数据库) */,
				87DF0B04219C158A00D479B0 /* 健康卡 */,
				87AB310C21941CA500B330EA /* Base */,
				87AB30FD2194181F00B330EA /* Tabbar */,
				87AB3110219441B700B330EA /* Main(主界面) */,
			);
			path = "UI(视图)";
			sourceTree = "<group>";
		};
		87AB30FD2194181F00B330EA /* Tabbar */ = {
			isa = PBXGroup;
			children = (
				87AB310721941AB500B330EA /* LLTabBarViewController.swift */,
				87AB30FE219418A600B330EA /* LLCustomTabBar.swift */,
				87AB310521941A5B00B330EA /* LLCustomTabBar.xib */,
			);
			path = Tabbar;
			sourceTree = "<group>";
		};
		87AB31002194191B00B330EA /* Extension(扩展) */ = {
			isa = PBXGroup;
			children = (
				8C5ABCA325B978CF00763628 /* DateExtension.swift */,
				8716862F219917A00019968E /* Moya&Rx */,
				87AB31012194195700B330EA /* NibLoadableProtocol.swift */,
				87AB3103219419BE00B330EA /* UIColor+Hex.swift */,
				8716863E219919600019968E /* UIViewExtension.swift */,
				87DF0B0D219C178F00D479B0 /* RxSwift+Operator.swift */,
				87DF0B0F219C18EF00D479B0 /* ReusableViewProtocal.swift */,
				87DF0B20219C2D0A00D479B0 /* Obserable+UITableView.swift */,
				8CD0EE0E25BACBC100599EBC /* Decode+.swift */,
			);
			path = "Extension(扩展)";
			sourceTree = "<group>";
		};
		87AB310921941B8000B330EA /* Other(其它) */ = {
			isa = PBXGroup;
			children = (
				87AB310A21941BA000B330EA /* Commons.swift */,
				87168647219961470019968E /* LLOCbridge.m */,
				87168646219961460019968E /* LLmyApp-Bridging-Header.h */,
			);
			path = "Other(其它)";
			sourceTree = "<group>";
		};
		87AB310C21941CA500B330EA /* Base */ = {
			isa = PBXGroup;
			children = (
				87AB310D21941CCA00B330EA /* BaseNavigationController.swift */,
				87DFF4A42195257500EB5438 /* MoyaRequestProtocol.swift */,
				87DFF4A92195618B00EB5438 /* ServiceResult.swift */,
				87DFF4AB2195630000EB5438 /* ServiceError.swift */,
				87DFF4AD21956D6900EB5438 /* Provider.swift */,
				87DFF4AF21957D9500EB5438 /* ModelableProtocol.swift */,
			);
			path = Base;
			sourceTree = "<group>";
		};
		87AB3110219441B700B330EA /* Main(主界面) */ = {
			isa = PBXGroup;
			children = (
				87DFF4B12195932300EB5438 /* ViewModel */,
				87DFF4A6219539AC00EB5438 /* Model */,
				87DFF49D2195206D00EB5438 /* Service */,
				87DFF49C2195205E00EB5438 /* View */,
			);
			path = "Main(主界面)";
			sourceTree = "<group>";
		};
		87CB647726B94D5500EE9F83 /* lineCharts(图表) */ = {
			isa = PBXGroup;
			children = (
				87CB647826B94D8F00EE9F83 /* LLChartsViewController.swift */,
				87CB647926B94D8F00EE9F83 /* LLChartsViewController.xib */,
				878A861826BA36EB000A3EE8 /* LLMarkView.swift */,
			);
			path = "lineCharts(图表)";
			sourceTree = "<group>";
		};
		87DF0B04219C158A00D479B0 /* 健康卡 */ = {
			isa = PBXGroup;
			children = (
				87DF0B1B219C22C400D479B0 /* Service */,
				87DF0B0A219C16A000D479B0 /* ViewModel */,
				87DF0B05219C159900D479B0 /* View */,
			);
			path = "健康卡";
			sourceTree = "<group>";
		};
		87DF0B05219C159900D479B0 /* View */ = {
			isa = PBXGroup;
			children = (
				87DF0B06219C15BD00D479B0 /* LLHealthCardViewController.swift */,
				87DF0B07219C15BD00D479B0 /* LLHealthCardViewController.xib */,
				87DF0B15219C206B00D479B0 /* LLHealthCardCell.swift */,
				87DF0B16219C206B00D479B0 /* LLHealthCardCell.xib */,
			);
			path = View;
			sourceTree = "<group>";
		};
		87DF0B0A219C16A000D479B0 /* ViewModel */ = {
			isa = PBXGroup;
			children = (
				87DF0B0B219C16B700D479B0 /* LLHealthCardViewModel.swift */,
				87DF0B19219C21A400D479B0 /* LLHealthCardModel.swift */,
			);
			path = ViewModel;
			sourceTree = "<group>";
		};
		87DF0B1B219C22C400D479B0 /* Service */ = {
			isa = PBXGroup;
			children = (
				87DF0B1C219C22DD00D479B0 /* LLHealthCardService.swift */,
				87DF0B1E219C231100D479B0 /* LLHealthCardApi.swift */,
			);
			path = Service;
			sourceTree = "<group>";
		};
		87DFF49C2195205E00EB5438 /* View */ = {
			isa = PBXGroup;
			children = (
				87AB3111219441D000B330EA /* LLMainViewController.swift */,
				87AB3113219441DF00B330EA /* LLMainUI.storyboard */,
			);
			path = View;
			sourceTree = "<group>";
		};
		87DFF49D2195206D00EB5438 /* Service */ = {
			isa = PBXGroup;
			children = (
				87DFF49E2195208E00EB5438 /* LLMainService.swift */,
				87DFF4A2219522D400EB5438 /* LLMainApi.swift */,
			);
			path = Service;
			sourceTree = "<group>";
		};
		87DFF4A6219539AC00EB5438 /* Model */ = {
			isa = PBXGroup;
			children = (
				87DFF4A7219539CC00EB5438 /* LLMainBanner.swift */,
			);
			path = Model;
			sourceTree = "<group>";
		};
		87DFF4B12195932300EB5438 /* ViewModel */ = {
			isa = PBXGroup;
			children = (
				87DFF4B22195933300EB5438 /* LLMainViewModel.swift */,
			);
			path = ViewModel;
			sourceTree = "<group>";
		};
		87EF0E902743B02100A14AC3 /* ScrollviewDemo(demo) */ = {
			isa = PBXGroup;
			children = (
				87EF0E912743B09800A14AC3 /* LLScrollViewController.swift */,
				8742810827449F5E005A458E /* LLScrollViewDemoCell.swift */,
				8742810927449F5E005A458E /* LLScrollViewDemoCell.xib */,
			);
			path = "ScrollviewDemo(demo)";
			sourceTree = "<group>";
		};
		8C5ABC9825B9766400763628 /* DatePickView */ = {
			isa = PBXGroup;
			children = (
				8C5ABC9925B9770A00763628 /* LLDatePickerView.swift */,
				8C5ABC9F25B9783000763628 /* LLDatePickerView.xib */,
			);
			path = DatePickView;
			sourceTree = "<group>";
		};
		8C954754254AB73400EF77C4 /* CoreDataTest */ = {
			isa = PBXGroup;
			children = (
				8C90ECBB254BF340000670F4 /* LLCoreDataViewController.swift */,
				8C95475A254AB99600EF77C4 /* Fish+CoreDataClass copy.swift */,
				8C95475B254AB99600EF77C4 /* Fish+CoreDataProperties copy.swift */,
				8C954755254AB77000EF77C4 /* LLFish.xcdatamodeld */,
				8C954760254ABB7F00EF77C4 /* LLDBManager.swift */,
				8C90ECB3254BEB08000670F4 /* LLBaseOnCoreData.swift */,
				8C90ECB7254BEBAA000670F4 /* LLFish+.swift */,
			);
			path = CoreDataTest;
			sourceTree = "<group>";
		};
		8CA2A93D25B81F2400FE0615 /* iboss */ = {
			isa = PBXGroup;
			children = (
				8CF07BBA25BFF52000CBC3BB /* PopView */,
				8C5ABC8525B90A9C00763628 /* LLEqualSpaceCollectionVc.swift */,
				8C5ABC8925B90E8700763628 /* LLEqualSpaceCollectionCell.swift */,
				8C5ABC8D25B914B800763628 /* LLEqualSpaceData.json */,
				8C4EA36A25CD2E0F0047D286 /* LLPickerView.swift */,
				8C4EA36E25CD2E1E0047D286 /* LLPickerView.xib */,
			);
			path = iboss;
			sourceTree = "<group>";
		};
		8CA2A93E25B81F4600FE0615 /* Public */ = {
			isa = PBXGroup;
			children = (
				87193ED927211D490020D002 /* VideoPlayView */,
				8733C01F27116C8200FED3E4 /* CustomAlerSheet */,
				8C5ABC9825B9766400763628 /* DatePickView */,
				8CA2A93F25B8228E00FE0615 /* LLEqualSpaceFlowLayout.swift */,
				8CD963CD25F07A6E00B65E7E /* EqualSpaceFlowLayout.h */,
				8CD963CE25F07A6E00B65E7E /* EqualSpaceFlowLayout.m */,
				9782E5EE283222E700B0CEFE /* LLIPHelper.h */,
				9782E5EF283222E700B0CEFE /* LLIPHelper.m */,
			);
			path = Public;
			sourceTree = "<group>";
		};
		8CB9786825C0F9AF00A6AFBB /* PopTool */ = {
			isa = PBXGroup;
			children = (
				8CB9787525C0FA7100A6AFBB /* FWPopupRootViewController.swift */,
				8CB9787125C0FA4100A6AFBB /* FWPopupCategory.swift */,
				8CB9786D25C0FA1A00A6AFBB /* FWPopupSWindow.swift */,
				8CB9786925C0F9C200A6AFBB /* FWPopupView.swift */,
			);
			path = PopTool;
			sourceTree = "<group>";
		};
		8CD0EDFE25BAB91000599EBC /* LLPay */ = {
			isa = PBXGroup;
			children = (
				8CD0EE1E25BACEB200599EBC /* libWeChatSDK.a */,
				8CD0EE0925BAC61100599EBC /* WechatAuthSDK.h */,
				8CD0EE0B25BAC61100599EBC /* WXApi.h */,
				8CD0EE0A25BAC61100599EBC /* WXApiObject.h */,
				8CD0EDFF25BABF5500599EBC /* LLPayUtils.swift */,
				8CD0EE0525BAC49900599EBC /* LLWXPayModel.swift */,
				8CD0EE6125BAD57E00599EBC /* LLPayResult.swift */,
			);
			path = LLPay;
			sourceTree = "<group>";
		};
		8CD2039725F604100088497C /* LLPhotoBroswer */ = {
			isa = PBXGroup;
			children = (
				8CD2039825F605490088497C /* ImageBrowserView.h */,
				8CD2039925F605490088497C /* ImageBrowserView.m */,
				8CD2039B25F605490088497C /* ZoomingScrollView.h */,
				8CD2039A25F605490088497C /* ZoomingScrollView.m */,
			);
			path = LLPhotoBroswer;
			sourceTree = "<group>";
		};
		8CD6A3E12549763A005D76A9 /* DB(数据库) */ = {
			isa = PBXGroup;
			children = (
				8C954754254AB73400EF77C4 /* CoreDataTest */,
				8CD6A3E2254976D7005D76A9 /* LLDBViewController.swift */,
			);
			path = "DB(数据库)";
			sourceTree = "<group>";
		};
		8CF07BBA25BFF52000CBC3BB /* PopView */ = {
			isa = PBXGroup;
			children = (
				8CF07BBB25BFF53800CBC3BB /* CRTipPopUpView.swift */,
				8CF07BBC25BFF53800CBC3BB /* CRTipPopUpView.xib */,
				8C7841FC25C00FBB00697A0A /* LLPopView.swift */,
			);
			path = PopView;
			sourceTree = "<group>";
		};
		9717863527FD6BED00AAD72E /* jphshIM(极光聊天模块) */ = {
			isa = PBXGroup;
			children = (
				9717863B27FD8A9A00AAD72E /* viewModel */,
				9717863627FD6C6700AAD72E /* view */,
			);
			path = "jphshIM(极光聊天模块)";
			sourceTree = "<group>";
		};
		9717863627FD6C6700AAD72E /* view */ = {
			isa = PBXGroup;
			children = (
				9717863727FD6D0900AAD72E /* LLTestIMViewController.swift */,
				9717863827FD6D0900AAD72E /* LLTestIMViewController.xib */,
			);
			path = view;
			sourceTree = "<group>";
		};
		9717863B27FD8A9A00AAD72E /* viewModel */ = {
			isa = PBXGroup;
			children = (
				9717863C27FD8AAF00AAD72E /* MyMessageModel.swift */,
			);
			path = viewModel;
			sourceTree = "<group>";
		};
		F3CC11BF8B800F17C7268C62 /* Frameworks */ = {
			isa = PBXGroup;
			children = (
				8CD0EE3225BACF6500599EBC /* libz.tbd */,
				8CD0EE2E25BACF4300599EBC /* libc++.tbd */,
				EF071408B73C73C83B8A5146 /* Pods_LLmyApp.framework */,
			);
			name = Frameworks;
			sourceTree = "<group>";
		};
/* End PBXGroup section */

/* Begin PBXNativeTarget section */
		87AB30D721940BD000B330EA /* LLmyApp */ = {
			isa = PBXNativeTarget;
			buildConfigurationList = 87AB30F521940BD100B330EA /* Build configuration list for PBXNativeTarget "LLmyApp" */;
			buildPhases = (
				FACECF490B3C4128354FF704 /* [CP] Check Pods Manifest.lock */,
				87AB30D421940BD000B330EA /* Sources */,
				87AB30D521940BD000B330EA /* Frameworks */,
				87AB30D621940BD000B330EA /* Resources */,
				0925DD29B95F8F1BA7CB9F3F /* [CP] Embed Pods Frameworks */,
				87AB310F21941D4E00B330EA /* ShellScript */,
			);
			buildRules = (
			);
			dependencies = (
			);
			name = LLmyApp;
			productName = LLmyApp;
			productReference = 87AB30D821940BD000B330EA /* LLmyApp.app */;
			productType = "com.apple.product-type.application";
		};
		87AB30EB21940BD100B330EA /* LLmyAppUITests */ = {
			isa = PBXNativeTarget;
			buildConfigurationList = 87AB30F821940BD100B330EA /* Build configuration list for PBXNativeTarget "LLmyAppUITests" */;
			buildPhases = (
				87AB30E821940BD100B330EA /* Sources */,
				87AB30E921940BD100B330EA /* Frameworks */,
				87AB30EA21940BD100B330EA /* Resources */,
			);
			buildRules = (
			);
			dependencies = (
				87AB30EE21940BD100B330EA /* PBXTargetDependency */,
			);
			name = LLmyAppUITests;
			productName = LLmyAppUITests;
			productReference = 87AB30EC21940BD100B330EA /* LLmyAppUITests.xctest */;
			productType = "com.apple.product-type.bundle.ui-testing";
		};
/* End PBXNativeTarget section */

/* Begin PBXProject section */
		87AB30D021940BD000B330EA /* Project object */ = {
			isa = PBXProject;
			attributes = {
				CLASSPREFIX = LL;
				LastSwiftUpdateCheck = 0930;
				LastUpgradeCheck = 0930;
				ORGANIZATIONNAME = ManlyCamera;
				TargetAttributes = {
					87AB30D721940BD000B330EA = {
						CreatedOnToolsVersion = 9.3;
						LastSwiftMigration = 0930;
					};
					87AB30EB21940BD100B330EA = {
						CreatedOnToolsVersion = 9.3;
						TestTargetID = 87AB30D721940BD000B330EA;
					};
				};
			};
			buildConfigurationList = 87AB30D321940BD000B330EA /* Build configuration list for PBXProject "LLmyApp" */;
			compatibilityVersion = "Xcode 9.3";
			developmentRegion = en;
			hasScannedForEncodings = 0;
			knownRegions = (
				en,
				Base,
			);
			mainGroup = 87AB30CF21940BD000B330EA;
			productRefGroup = 87AB30D921940BD000B330EA /* Products */;
			projectDirPath = "";
			projectRoot = "";
			targets = (
				87AB30D721940BD000B330EA /* LLmyApp */,
				87AB30EB21940BD100B330EA /* LLmyAppUITests */,
			);
		};
/* End PBXProject section */

/* Begin PBXResourcesBuildPhase section */
		87AB30D621940BD000B330EA /* Resources */ = {
			isa = PBXResourcesBuildPhase;
			buildActionMask = 2147483647;
			files = (
				8CF07BBE25BFF53800CBC3BB /* CRTipPopUpView.xib in Resources */,
				87CB647B26B94D8F00EE9F83 /* LLChartsViewController.xib in Resources */,
				8748487D2394E11D0041F3CB /* Bundle in Resources */,
				87DF0B18219C206B00D479B0 /* LLHealthCardCell.xib in Resources */,
				87AB310621941A5B00B330EA /* LLCustomTabBar.xib in Resources */,
				87193EE4272121290020D002 /* 老照片.mp4 in Resources */,
				871686412199264E0019968E /* 加载.gif in Resources */,
				8742810B27449F5E005A458E /* LLScrollViewDemoCell.xib in Resources */,
				9717863A27FD6D0900AAD72E /* LLTestIMViewController.xib in Resources */,
				87DF0B09219C15BD00D479B0 /* LLHealthCardViewController.xib in Resources */,
				8C4EA36F25CD2E1E0047D286 /* LLPickerView.xib in Resources */,
				87AB3114219441DF00B330EA /* LLMainUI.storyboard in Resources */,
				8C5ABCA025B9783000763628 /* LLDatePickerView.xib in Resources */,
				8C5ABC8E25B914B800763628 /* LLEqualSpaceData.json in Resources */,
				87AB30E621940BD100B330EA /* LaunchScreen.storyboard in Resources */,
				87AB30E321940BD100B330EA /* Assets.xcassets in Resources */,
			);
			runOnlyForDeploymentPostprocessing = 0;
		};
		87AB30EA21940BD100B330EA /* Resources */ = {
			isa = PBXResourcesBuildPhase;
			buildActionMask = 2147483647;
			files = (
			);
			runOnlyForDeploymentPostprocessing = 0;
		};
/* End PBXResourcesBuildPhase section */

/* Begin PBXShellScriptBuildPhase section */
		0925DD29B95F8F1BA7CB9F3F /* [CP] Embed Pods Frameworks */ = {
			isa = PBXShellScriptBuildPhase;
			buildActionMask = 2147483647;
			files = (
			);
			inputFileListPaths = (
				"${PODS_ROOT}/Target Support Files/Pods-LLmyApp/Pods-LLmyApp-frameworks-${CONFIGURATION}-input-files.xcfilelist",
			);
			name = "[CP] Embed Pods Frameworks";
			outputFileListPaths = (
				"${PODS_ROOT}/Target Support Files/Pods-LLmyApp/Pods-LLmyApp-frameworks-${CONFIGURATION}-output-files.xcfilelist",
			);
			runOnlyForDeploymentPostprocessing = 0;
			shellPath = /bin/sh;
			shellScript = "\"${PODS_ROOT}/Target Support Files/Pods-LLmyApp/Pods-LLmyApp-frameworks.sh\"\n";
			showEnvVarsInLog = 0;
		};
		87AB310F21941D4E00B330EA /* ShellScript */ = {
			isa = PBXShellScriptBuildPhase;
			buildActionMask = 2147483647;
			files = (
			);
			inputPaths = (
			);
			outputPaths = (
			);
			runOnlyForDeploymentPostprocessing = 0;
			shellPath = /bin/sh;
			shellScript = "#\"${PODS_ROOT}/SwiftLint/swiftlint\"\n";
		};
		FACECF490B3C4128354FF704 /* [CP] Check Pods Manifest.lock */ = {
			isa = PBXShellScriptBuildPhase;
			buildActionMask = 2147483647;
			files = (
			);
			inputPaths = (
				"${PODS_PODFILE_DIR_PATH}/Podfile.lock",
				"${PODS_ROOT}/Manifest.lock",
			);
			name = "[CP] Check Pods Manifest.lock";
			outputPaths = (
				"$(DERIVED_FILE_DIR)/Pods-LLmyApp-checkManifestLockResult.txt",
			);
			runOnlyForDeploymentPostprocessing = 0;
			shellPath = /bin/sh;
			shellScript = "diff \"${PODS_PODFILE_DIR_PATH}/Podfile.lock\" \"${PODS_ROOT}/Manifest.lock\" > /dev/null\nif [ $? != 0 ] ; then\n    # print error to STDERR\n    echo \"error: The sandbox is not in sync with the Podfile.lock. Run 'pod install' or update your CocoaPods installation.\" >&2\n    exit 1\nfi\n# This output is used by Xcode 'outputs' to avoid re-running this script phase.\necho \"SUCCESS\" > \"${SCRIPT_OUTPUT_FILE_0}\"\n";
			showEnvVarsInLog = 0;
		};
/* End PBXShellScriptBuildPhase section */

/* Begin PBXSourcesBuildPhase section */
		87AB30D421940BD000B330EA /* Sources */ = {
			isa = PBXSourcesBuildPhase;
			buildActionMask = 2147483647;
			files = (
				8C5ABC9A25B9770A00763628 /* LLDatePickerView.swift in Sources */,
				87AB304B271FCDF60063DC9B /* LLOssHelper.swift in Sources */,
				87DFF4A52195257500EB5438 /* MoyaRequestProtocol.swift in Sources */,
				8C95475D254AB99600EF77C4 /* Fish+CoreDataProperties copy.swift in Sources */,
				9782E5F0283222E700B0CEFE /* LLIPHelper.m in Sources */,
				9717863927FD6D0900AAD72E /* LLTestIMViewController.swift in Sources */,
				9717863D27FD8AAF00AAD72E /* MyMessageModel.swift in Sources */,
				87193EE027211F030020D002 /* LLVideoPlayViewController.swift in Sources */,
				87AB31022194195700B330EA /* NibLoadableProtocol.swift in Sources */,
				8C90ECB8254BEBAA000670F4 /* LLFish+.swift in Sources */,
				878A861926BA36EB000A3EE8 /* LLMarkView.swift in Sources */,
				8CB9786A25C0F9C200A6AFBB /* FWPopupView.swift in Sources */,
				8CB9787625C0FA7100A6AFBB /* FWPopupRootViewController.swift in Sources */,
				87168631219917B60019968E /* ProgressPluginIn.swift in Sources */,
				87168635219918090019968E /* HUD.swift in Sources */,
				8CD963CF25F07A6F00B65E7E /* EqualSpaceFlowLayout.m in Sources */,
				87193EE82721220E0020D002 /* VideoPlayViewController.swift in Sources */,
				87DFF4AA2195618B00EB5438 /* ServiceResult.swift in Sources */,
				8716864521995D800019968E /* RandomString.swift in Sources */,
				876FB97E27587FB90037DB50 /* LLPopoVerViewController.swift in Sources */,
				87DFF4A3219522D400EB5438 /* LLMainApi.swift in Sources */,
				8716863F219919600019968E /* UIViewExtension.swift in Sources */,
				8C5ABCA425B978CF00763628 /* DateExtension.swift in Sources */,
				8C4EA36B25CD2E0F0047D286 /* LLPickerView.swift in Sources */,
				8CF07BBD25BFF53800CBC3BB /* CRTipPopUpView.swift in Sources */,
				87AB3112219441D000B330EA /* LLMainViewController.swift in Sources */,
				87DF0B1F219C231100D479B0 /* LLHealthCardApi.swift in Sources */,
				8C5ABC8A25B90E8700763628 /* LLEqualSpaceCollectionCell.swift in Sources */,
				8CD0EE0625BAC49900599EBC /* LLWXPayModel.swift in Sources */,
				87DF0B0E219C178F00D479B0 /* RxSwift+Operator.swift in Sources */,
				8CD2039C25F605490088497C /* ImageBrowserView.m in Sources */,
				8742810A27449F5E005A458E /* LLScrollViewDemoCell.swift in Sources */,
				87DFF4A8219539CC00EB5438 /* LLMainBanner.swift in Sources */,
				87AB310E21941CCA00B330EA /* BaseNavigationController.swift in Sources */,
				8C954761254ABB7F00EF77C4 /* LLDBManager.swift in Sources */,
				87AB3104219419BE00B330EA /* UIColor+Hex.swift in Sources */,
				8CD2039D25F605490088497C /* ZoomingScrollView.m in Sources */,
				8C90ECB4254BEB08000670F4 /* LLBaseOnCoreData.swift in Sources */,
				87DF0B08219C15BD00D479B0 /* LLHealthCardViewController.swift in Sources */,
				8C90ECBC254BF340000670F4 /* LLCoreDataViewController.swift in Sources */,
				87DFF49F2195208E00EB5438 /* LLMainService.swift in Sources */,
				875A6A002759F91F00BFD2C4 /* LLBookPlayPopView.swift in Sources */,
				8CB9786E25C0FA1A00A6AFBB /* FWPopupSWindow.swift in Sources */,
				87DF0B10219C18EF00D479B0 /* ReusableViewProtocal.swift in Sources */,
				871686392199182C0019968E /* CRHUDProgressView.swift in Sources */,
				8C7841FD25C00FBB00697A0A /* LLPopView.swift in Sources */,
				87DFF4B021957D9500EB5438 /* ModelableProtocol.swift in Sources */,
				87AB30FF219418A600B330EA /* LLCustomTabBar.swift in Sources */,
				87DF0B1D219C22DD00D479B0 /* LLHealthCardService.swift in Sources */,
				87DF0B1A219C21A400D479B0 /* LLHealthCardModel.swift in Sources */,
				87168648219961470019968E /* LLOCbridge.m in Sources */,
				87EF0E922743B09800A14AC3 /* LLScrollViewController.swift in Sources */,
				8716863B219918390019968E /* CRHUDLabelView.swift in Sources */,
				87DFF4B32195933300EB5438 /* LLMainViewModel.swift in Sources */,
				8CA2A94025B8228E00FE0615 /* LLEqualSpaceFlowLayout.swift in Sources */,
				8733C02127117A0500FED3E4 /* LLAlerSheetView.swift in Sources */,
				8C95475C254AB99600EF77C4 /* Fish+CoreDataClass copy.swift in Sources */,
				87193EDB27211D7E0020D002 /* FRVideoPlayerView.swift in Sources */,
				8C5ABC9425B9199900763628 /* LLUtils.swift in Sources */,
				8CD0EE6225BAD57E00599EBC /* LLPayResult.swift in Sources */,
				87AB30DC21940BD000B330EA /* AppDelegate.swift in Sources */,
				87AB310B21941BA000B330EA /* Commons.swift in Sources */,
				8C954757254AB77000EF77C4 /* LLFish.xcdatamodeld in Sources */,
				871686372199181F0019968E /* CRHUD.swift in Sources */,
				87DF0B17219C206B00D479B0 /* LLHealthCardCell.swift in Sources */,
				87168643219951220019968E /* GatewayHelper.swift in Sources */,
				8CB9787225C0FA4100A6AFBB /* FWPopupCategory.swift in Sources */,
				8CD6A3E3254976D7005D76A9 /* LLDBViewController.swift in Sources */,
				87DFF4AC2195630000EB5438 /* ServiceError.swift in Sources */,
				87DFF4AE21956D6900EB5438 /* Provider.swift in Sources */,
				8CD0EE0025BABF5500599EBC /* LLPayUtils.swift in Sources */,
				87DF0B0C219C16B700D479B0 /* LLHealthCardViewModel.swift in Sources */,
				8C5ABC8625B90A9C00763628 /* LLEqualSpaceCollectionVc.swift in Sources */,
				87CB647A26B94D8F00EE9F83 /* LLChartsViewController.swift in Sources */,
				87DF0B21219C2D0A00D479B0 /* Obserable+UITableView.swift in Sources */,
				8CD0EE0F25BACBC100599EBC /* Decode+.swift in Sources */,
				87AB310821941AB500B330EA /* LLTabBarViewController.swift in Sources */,
				8716863D2199184D0019968E /* HUDHelper.swift in Sources */,
			);
			runOnlyForDeploymentPostprocessing = 0;
		};
		87AB30E821940BD100B330EA /* Sources */ = {
			isa = PBXSourcesBuildPhase;
			buildActionMask = 2147483647;
			files = (
				87AB30F121940BD100B330EA /* LLmyAppUITests.swift in Sources */,
			);
			runOnlyForDeploymentPostprocessing = 0;
		};
/* End PBXSourcesBuildPhase section */

/* Begin PBXTargetDependency section */
		87AB30EE21940BD100B330EA /* PBXTargetDependency */ = {
			isa = PBXTargetDependency;
			target = 87AB30D721940BD000B330EA /* LLmyApp */;
			targetProxy = 87AB30ED21940BD100B330EA /* PBXContainerItemProxy */;
		};
/* End PBXTargetDependency section */

/* Begin PBXVariantGroup section */
		87AB30E421940BD100B330EA /* LaunchScreen.storyboard */ = {
			isa = PBXVariantGroup;
			children = (
				87AB30E521940BD100B330EA /* Base */,
			);
			name = LaunchScreen.storyboard;
			sourceTree = "<group>";
		};
/* End PBXVariantGroup section */

/* Begin XCBuildConfiguration section */
		87AB30F321940BD100B330EA /* Debug */ = {
			isa = XCBuildConfiguration;
			buildSettings = {
				ALWAYS_SEARCH_USER_PATHS = NO;
				CLANG_ANALYZER_NONNULL = YES;
				CLANG_ANALYZER_NUMBER_OBJECT_CONVERSION = YES_AGGRESSIVE;
				CLANG_CXX_LANGUAGE_STANDARD = "gnu++14";
				CLANG_CXX_LIBRARY = "libc++";
				CLANG_ENABLE_MODULES = YES;
				CLANG_ENABLE_OBJC_ARC = YES;
				CLANG_ENABLE_OBJC_WEAK = YES;
				CLANG_WARN_BLOCK_CAPTURE_AUTORELEASING = YES;
				CLANG_WARN_BOOL_CONVERSION = YES;
				CLANG_WARN_COMMA = YES;
				CLANG_WARN_CONSTANT_CONVERSION = YES;
				CLANG_WARN_DEPRECATED_OBJC_IMPLEMENTATIONS = YES;
				CLANG_WARN_DIRECT_OBJC_ISA_USAGE = YES_ERROR;
				CLANG_WARN_DOCUMENTATION_COMMENTS = YES;
				CLANG_WARN_EMPTY_BODY = YES;
				CLANG_WARN_ENUM_CONVERSION = YES;
				CLANG_WARN_INFINITE_RECURSION = YES;
				CLANG_WARN_INT_CONVERSION = YES;
				CLANG_WARN_NON_LITERAL_NULL_CONVERSION = YES;
				CLANG_WARN_OBJC_IMPLICIT_RETAIN_SELF = YES;
				CLANG_WARN_OBJC_LITERAL_CONVERSION = YES;
				CLANG_WARN_OBJC_ROOT_CLASS = YES_ERROR;
				CLANG_WARN_RANGE_LOOP_ANALYSIS = YES;
				CLANG_WARN_STRICT_PROTOTYPES = YES;
				CLANG_WARN_SUSPICIOUS_MOVE = YES;
				CLANG_WARN_UNGUARDED_AVAILABILITY = YES_AGGRESSIVE;
				CLANG_WARN_UNREACHABLE_CODE = YES;
				CLANG_WARN__DUPLICATE_METHOD_MATCH = YES;
				CODE_SIGN_IDENTITY = "iPhone Developer";
				COPY_PHASE_STRIP = NO;
				DEBUG_INFORMATION_FORMAT = dwarf;
				ENABLE_STRICT_OBJC_MSGSEND = YES;
				ENABLE_TESTABILITY = YES;
				"EXCLUDED_ARCHS[sdk=*]" = arm64;
				GCC_C_LANGUAGE_STANDARD = gnu11;
				GCC_DYNAMIC_NO_PIC = NO;
				GCC_NO_COMMON_BLOCKS = YES;
				GCC_OPTIMIZATION_LEVEL = 0;
				GCC_PREPROCESSOR_DEFINITIONS = (
					"DEBUG=1",
					"$(inherited)",
				);
				GCC_WARN_64_TO_32_BIT_CONVERSION = YES;
				GCC_WARN_ABOUT_RETURN_TYPE = YES_ERROR;
				GCC_WARN_UNDECLARED_SELECTOR = YES;
				GCC_WARN_UNINITIALIZED_AUTOS = YES_AGGRESSIVE;
				GCC_WARN_UNUSED_FUNCTION = YES;
				GCC_WARN_UNUSED_VARIABLE = YES;
				IPHONEOS_DEPLOYMENT_TARGET = 10.0;
				MTL_ENABLE_DEBUG_INFO = YES;
				ONLY_ACTIVE_ARCH = YES;
				SDKROOT = iphoneos;
				SWIFT_ACTIVE_COMPILATION_CONDITIONS = DEBUG;
				SWIFT_OPTIMIZATION_LEVEL = "-Onone";
			};
			name = Debug;
		};
		87AB30F421940BD100B330EA /* Release */ = {
			isa = XCBuildConfiguration;
			buildSettings = {
				ALWAYS_SEARCH_USER_PATHS = NO;
				CLANG_ANALYZER_NONNULL = YES;
				CLANG_ANALYZER_NUMBER_OBJECT_CONVERSION = YES_AGGRESSIVE;
				CLANG_CXX_LANGUAGE_STANDARD = "gnu++14";
				CLANG_CXX_LIBRARY = "libc++";
				CLANG_ENABLE_MODULES = YES;
				CLANG_ENABLE_OBJC_ARC = YES;
				CLANG_ENABLE_OBJC_WEAK = YES;
				CLANG_WARN_BLOCK_CAPTURE_AUTORELEASING = YES;
				CLANG_WARN_BOOL_CONVERSION = YES;
				CLANG_WARN_COMMA = YES;
				CLANG_WARN_CONSTANT_CONVERSION = YES;
				CLANG_WARN_DEPRECATED_OBJC_IMPLEMENTATIONS = YES;
				CLANG_WARN_DIRECT_OBJC_ISA_USAGE = YES_ERROR;
				CLANG_WARN_DOCUMENTATION_COMMENTS = YES;
				CLANG_WARN_EMPTY_BODY = YES;
				CLANG_WARN_ENUM_CONVERSION = YES;
				CLANG_WARN_INFINITE_RECURSION = YES;
				CLANG_WARN_INT_CONVERSION = YES;
				CLANG_WARN_NON_LITERAL_NULL_CONVERSION = YES;
				CLANG_WARN_OBJC_IMPLICIT_RETAIN_SELF = YES;
				CLANG_WARN_OBJC_LITERAL_CONVERSION = YES;
				CLANG_WARN_OBJC_ROOT_CLASS = YES_ERROR;
				CLANG_WARN_RANGE_LOOP_ANALYSIS = YES;
				CLANG_WARN_STRICT_PROTOTYPES = YES;
				CLANG_WARN_SUSPICIOUS_MOVE = YES;
				CLANG_WARN_UNGUARDED_AVAILABILITY = YES_AGGRESSIVE;
				CLANG_WARN_UNREACHABLE_CODE = YES;
				CLANG_WARN__DUPLICATE_METHOD_MATCH = YES;
				CODE_SIGN_IDENTITY = "iPhone Developer";
				COPY_PHASE_STRIP = NO;
				DEBUG_INFORMATION_FORMAT = "dwarf-with-dsym";
				ENABLE_NS_ASSERTIONS = NO;
				ENABLE_STRICT_OBJC_MSGSEND = YES;
				GCC_C_LANGUAGE_STANDARD = gnu11;
				GCC_NO_COMMON_BLOCKS = YES;
				GCC_WARN_64_TO_32_BIT_CONVERSION = YES;
				GCC_WARN_ABOUT_RETURN_TYPE = YES_ERROR;
				GCC_WARN_UNDECLARED_SELECTOR = YES;
				GCC_WARN_UNINITIALIZED_AUTOS = YES_AGGRESSIVE;
				GCC_WARN_UNUSED_FUNCTION = YES;
				GCC_WARN_UNUSED_VARIABLE = YES;
				IPHONEOS_DEPLOYMENT_TARGET = 10.0;
				MTL_ENABLE_DEBUG_INFO = NO;
				SDKROOT = iphoneos;
				SWIFT_COMPILATION_MODE = wholemodule;
				SWIFT_OPTIMIZATION_LEVEL = "-O";
				VALIDATE_PRODUCT = YES;
			};
			name = Release;
		};
		87AB30F621940BD100B330EA /* Debug */ = {
			isa = XCBuildConfiguration;
			baseConfigurationReference = DC6D3843F418405E2E08BDF9 /* Pods-LLmyApp.debug.xcconfig */;
			buildSettings = {
				ASSETCATALOG_COMPILER_APPICON_NAME = AppIcon;
				CLANG_ENABLE_MODULES = YES;
				CODE_SIGN_STYLE = Automatic;
				DEVELOPMENT_TEAM = 59GUGKA6UT;
				ENABLE_BITCODE = NO;
				"EXCLUDED_ARCHS[sdk=*]" = "";
				INFOPLIST_FILE = "LLmyApp/Supporting Files/Info.plist";
				IPHONEOS_DEPLOYMENT_TARGET = 12.1;
				LD_RUNPATH_SEARCH_PATHS = (
					"$(inherited)",
					"@executable_path/Frameworks",
				);
				LIBRARY_SEARCH_PATHS = (
					"$(inherited)",
					"$(PROJECT_DIR)/LLmyApp/Utils(工具类)/LLPay",
				);
				OTHER_SWIFT_FLAGS = "$(inherited) -D COCOAPODS";
				PRODUCT_BUNDLE_IDENTIFIER = LinChen.LLmyApp;
				PRODUCT_NAME = "$(TARGET_NAME)";
				SWIFT_ACTIVE_COMPILATION_CONDITIONS = "";
				SWIFT_OBJC_BRIDGING_HEADER = "LLmyApp/Other(其它)/LLmyApp-Bridging-Header.h";
				SWIFT_OPTIMIZATION_LEVEL = "-Onone";
				SWIFT_VERSION = 5.0;
				TARGETED_DEVICE_FAMILY = "1,2";
			};
			name = Debug;
		};
		87AB30F721940BD100B330EA /* Release */ = {
			isa = XCBuildConfiguration;
			baseConfigurationReference = DE731DC4AD363D5A31E16675 /* Pods-LLmyApp.release.xcconfig */;
			buildSettings = {
				ASSETCATALOG_COMPILER_APPICON_NAME = AppIcon;
				CLANG_ENABLE_MODULES = YES;
				CODE_SIGN_STYLE = Automatic;
				DEVELOPMENT_TEAM = 59GUGKA6UT;
				ENABLE_BITCODE = NO;
				INFOPLIST_FILE = "LLmyApp/Supporting Files/Info.plist";
				IPHONEOS_DEPLOYMENT_TARGET = 12.1;
				LD_RUNPATH_SEARCH_PATHS = (
					"$(inherited)",
					"@executable_path/Frameworks",
				);
				LIBRARY_SEARCH_PATHS = (
					"$(inherited)",
					"$(PROJECT_DIR)/LLmyApp/Utils(工具类)/LLPay",
				);
				OTHER_SWIFT_FLAGS = "$(inherited) -D COCOAPODS";
				PRODUCT_BUNDLE_IDENTIFIER = LinChen.LLmyApp;
				PRODUCT_NAME = "$(TARGET_NAME)";
				SWIFT_OBJC_BRIDGING_HEADER = "LLmyApp/Other(其它)/LLmyApp-Bridging-Header.h";
				SWIFT_VERSION = 5.0;
				TARGETED_DEVICE_FAMILY = "1,2";
			};
			name = Release;
		};
		87AB30F921940BD100B330EA /* Debug */ = {
			isa = XCBuildConfiguration;
			buildSettings = {
				ALWAYS_EMBED_SWIFT_STANDARD_LIBRARIES = YES;
				CODE_SIGN_STYLE = Automatic;
				DEVELOPMENT_TEAM = 59GUGKA6UT;
				INFOPLIST_FILE = LLmyAppUITests/Info.plist;
				LD_RUNPATH_SEARCH_PATHS = (
					"$(inherited)",
					"@executable_path/Frameworks",
					"@loader_path/Frameworks",
				);
				PRODUCT_BUNDLE_IDENTIFIER = LinChen.LLmyAppUITests;
				PRODUCT_NAME = "$(TARGET_NAME)";
				SWIFT_VERSION = 4.0;
				TARGETED_DEVICE_FAMILY = "1,2";
				TEST_TARGET_NAME = LLmyApp;
			};
			name = Debug;
		};
		87AB30FA21940BD100B330EA /* Release */ = {
			isa = XCBuildConfiguration;
			buildSettings = {
				ALWAYS_EMBED_SWIFT_STANDARD_LIBRARIES = YES;
				CODE_SIGN_STYLE = Automatic;
				DEVELOPMENT_TEAM = 59GUGKA6UT;
				INFOPLIST_FILE = LLmyAppUITests/Info.plist;
				LD_RUNPATH_SEARCH_PATHS = (
					"$(inherited)",
					"@executable_path/Frameworks",
					"@loader_path/Frameworks",
				);
				PRODUCT_BUNDLE_IDENTIFIER = LinChen.LLmyAppUITests;
				PRODUCT_NAME = "$(TARGET_NAME)";
				SWIFT_VERSION = 4.0;
				TARGETED_DEVICE_FAMILY = "1,2";
				TEST_TARGET_NAME = LLmyApp;
			};
			name = Release;
		};
/* End XCBuildConfiguration section */

/* Begin XCConfigurationList section */
		87AB30D321940BD000B330EA /* Build configuration list for PBXProject "LLmyApp" */ = {
			isa = XCConfigurationList;
			buildConfigurations = (
				87AB30F321940BD100B330EA /* Debug */,
				87AB30F421940BD100B330EA /* Release */,
			);
			defaultConfigurationIsVisible = 0;
			defaultConfigurationName = Release;
		};
		87AB30F521940BD100B330EA /* Build configuration list for PBXNativeTarget "LLmyApp" */ = {
			isa = XCConfigurationList;
			buildConfigurations = (
				87AB30F621940BD100B330EA /* Debug */,
				87AB30F721940BD100B330EA /* Release */,
			);
			defaultConfigurationIsVisible = 0;
			defaultConfigurationName = Release;
		};
		87AB30F821940BD100B330EA /* Build configuration list for PBXNativeTarget "LLmyAppUITests" */ = {
			isa = XCConfigurationList;
			buildConfigurations = (
				87AB30F921940BD100B330EA /* Debug */,
				87AB30FA21940BD100B330EA /* Release */,
			);
			defaultConfigurationIsVisible = 0;
			defaultConfigurationName = Release;
		};
/* End XCConfigurationList section */

/* Begin XCVersionGroup section */
		8C954755254AB77000EF77C4 /* LLFish.xcdatamodeld */ = {
			isa = XCVersionGroup;
			children = (
				8C954756254AB77000EF77C4 /* LLFish.xcdatamodel */,
			);
			currentVersion = 8C954756254AB77000EF77C4 /* LLFish.xcdatamodel */;
			path = LLFish.xcdatamodeld;
			sourceTree = "<group>";
			versionGroupType = wrapper.xcdatamodel;
		};
/* End XCVersionGroup section */
	};
	rootObject = 87AB30D021940BD000B330EA /* Project object */;
}
