PODS:
  - Alamofire (5.2.1)
  - BBRTC (2.0.3):
    - Starscream (~> 3.0)
  - HandyJSON (5.0.0-beta.1)
  - Kingfisher (4.10.1)
  - Moya/Core (14.0.0):
    - Alamofire (~> 5.0)
  - Moya/RxSwift (14.0.0):
    - Moya/Core
    - RxSwift (~> 5.0)
  - RxCocoa (5.1.1):
    - RxRelay (~> 5)
    - RxSwift (~> 5)
  - RxRelay (5.1.1):
    - RxSwift (~> 5)
  - RxSwift (5.1.1)
  - SnapKit (5.0.1)
  - Starscream (3.1.1)
  - SwiftLint (0.32.0)

DEPENDENCIES:
  - BBRTC (= 2.0.3)
  - HandyJSON (~> 5.0.0-beta)
  - Kingfisher
  - Moya/RxSwift (~> 14.0.0)
  - RxCocoa (= 5.1.1)
  - RxSwift (= 5.1.1)
  - SnapKit
  - SwiftLint

SPEC REPOS:
  https://github.com/chenyaolin/LLSpecs.git:
    - BBRTC
  https://mirrors.tuna.tsinghua.edu.cn/git/CocoaPods/Specs.git:
    - Alamofire
    - Moya
    - RxCocoa
    - RxRelay
    - RxSwift
    - SnapKit
    - Starscream
  trunk:
    - HandyJSON
    - Kingfisher
    - SwiftLint

SPEC CHECKSUMS:
  Alamofire: e911732990610fe89af59ac0077f923d72dc3dfd
  BBRTC: 428fe18ac756c4558e1fad019d2737a195ce33c0
  HandyJSON: 582477127ab3ab65bd2e471815f1a7b846856978
  Kingfisher: c148cd7b47ebde9989f6bc7c27dcaa79d81279a0
  Moya: 5b45dacb75adb009f97fde91c204c1e565d31916
  RxCocoa: 32065309a38d29b5b0db858819b5bf9ef038b601
  RxRelay: d77f7d771495f43c556cbc43eebd1bb54d01e8e9
  RxSwift: 81470a2074fa8780320ea5fe4102807cb7118178
  SnapKit: 97b92857e3df3a0c71833cce143274bf6ef8e5eb
  Starscream: 4bb2f9942274833f7b4d296a55504dcfc7edb7b0
  SwiftLint: 009a898ef2a1c851f45e1b59349bf6ff2ddc990d

PODFILE CHECKSUM: 6bac6304c568295a991f4ed38d346829ae2724da

COCOAPODS: 1.10.1
